// !$*UTF8*$!
{
	archiveVersion = 1;
	classes = {
	};
	objectVersion = 77;
	objects = {

/* Begin PBXBuildFile section */
		A1C0F1610000000000000001 /* GameConfig.swift in Sources */ = {isa = PBXBuildFile; fileRef = A1C0F1510000000000000001 /* GameConfig.swift */; };
		A1C0F1620000000000000002 /* GameState.swift in Sources */ = {isa = PBXBuildFile; fileRef = A1C0F1520000000000000002 /* GameState.swift */; };
		A1C0F1630000000000000003 /* PhysicsCategory.swift in Sources */ = {isa = PBXBuildFile; fileRef = A1C0F1530000000000000003 /* PhysicsCategory.swift */; };
		A1C0F1640000000000000004 /* ColorTokens.swift in Sources */ = {isa = PBXBuildFile; fileRef = A1C0F1540000000000000004 /* ColorTokens.swift */; };
		A1C0F1650000000000000005 /* PlayerNode.swift in Sources */ = {isa = PBXBuildFile; fileRef = A1C0F1550000000000000005 /* PlayerNode.swift */; };
		A1C0F1660000000000000006 /* DPadNode.swift in Sources */ = {isa = PBXBuildFile; fileRef = A1C0F1560000000000000006 /* DPadNode.swift */; };
		A1C0F1680000000000000008 /* NoteNode.swift in Sources */ = {isa = PBXBuildFile; fileRef = A1C0F1580000000000000008 /* NoteNode.swift */; };
		A1C0F1690000000000000009 /* HUDNode.swift in Sources */ = {isa = PBXBuildFile; fileRef = A1C0F1590000000000000009 /* HUDNode.swift */; };
		A1C0F16A000000000000000A /* EnemyNode.swift in Sources */ = {isa = PBXBuildFile; fileRef = A1C0F15A000000000000000A /* EnemyNode.swift */; };
		A1C0F16B000000000000000B /* ProjectileNode.swift in Sources */ = {isa = PBXBuildFile; fileRef = A1C0F15B000000000000000B /* ProjectileNode.swift */; };
		A1C0F16C000000000000000C /* SpawnSystem.swift in Sources */ = {isa = PBXBuildFile; fileRef = A1C0F15C000000000000000C /* SpawnSystem.swift */; };
		A1C0F16E000000000000000E /* ContactRouter.swift in Sources */ = {isa = PBXBuildFile; fileRef = A1C0F15E000000000000000E /* ContactRouter.swift */; };
		A1C0F16F000000000000000F /* ScoreSystem.swift in Sources */ = {isa = PBXBuildFile; fileRef = A1C0F15F000000000000000F /* ScoreSystem.swift */; };
		A1C0F1B00000000000000011 /* TitleScene.swift in Sources */ = {isa = PBXBuildFile; fileRef = A1C0F1A00000000000000011 /* TitleScene.swift */; };
		A1C0F1B00000000000000012 /* ResultScene.swift in Sources */ = {isa = PBXBuildFile; fileRef = A1C0F1A00000000000000012 /* ResultScene.swift */; };
		A1C0F1B00000000000000013 /* HighScoreRepository.swift in Sources */ = {isa = PBXBuildFile; fileRef = A1C0F1A00000000000000013 /* HighScoreRepository.swift */; };
		A1C0F1B00000000000000014 /* GameStats.swift in Sources */ = {isa = PBXBuildFile; fileRef = A1C0F1A00000000000000014 /* GameStats.swift */; };
		A1C0F1B00000000000000015 /* StatisticsRepository.swift in Sources */ = {isa = PBXBuildFile; fileRef = A1C0F1A00000000000000015 /* StatisticsRepository.swift */; };
		A1C0F1B00000000000000024 /* CharacterPreferenceRepository.swift in Sources */ = {isa = PBXBuildFile; fileRef = A1C0F1A00000000000000024 /* CharacterPreferenceRepository.swift */; };
		A1C0F1B00000000000000017 /* StoneGuardNode.swift in Sources */ = {isa = PBXBuildFile; fileRef = A1C0F1A00000000000000017 /* StoneGuardNode.swift */; };
		A1C0F1B00000000000000018 /* AirplaneNode.swift in Sources */ = {isa = PBXBuildFile; fileRef = A1C0F1A00000000000000018 /* AirplaneNode.swift */; };
		A1C0F1B00000000000000019 /* AirforceOverlayNode.swift in Sources */ = {isa = PBXBuildFile; fileRef = A1C0F1A00000000000000019 /* AirforceOverlayNode.swift */; };
		A1C0F1B00000000000000020 /* BombFlashNode.swift in Sources */ = {isa = PBXBuildFile; fileRef = A1C0F1A00000000000000020 /* BombFlashNode.swift */; };
		A1C0F1B00000000000000021 /* SelfDismissingNode.swift in Sources */ = {isa = PBXBuildFile; fileRef = A1C0F1A00000000000000021 /* SelfDismissingNode.swift */; };
		A1C0F1B00000000000000022 /* CharacterID.swift in Sources */ = {isa = PBXBuildFile; fileRef = A1C0F1A00000000000000022 /* CharacterID.swift */; };
		A1C0F1B00000000000000023 /* CharacterCardNode.swift in Sources */ = {isa = PBXBuildFile; fileRef = A1C0F1A00000000000000023 /* CharacterCardNode.swift */; };
/* End PBXBuildFile section */

/* Begin PBXFileReference section */
		A1C0F1510000000000000001 /* GameConfig.swift */ = {isa = PBXFileReference; lastKnownFileType = sourcecode.swift; path = GameConfig.swift; sourceTree = "<group>"; };
		A1C0F1520000000000000002 /* GameState.swift */ = {isa = PBXFileReference; lastKnownFileType = sourcecode.swift; path = GameState.swift; sourceTree = "<group>"; };
		A1C0F1530000000000000003 /* PhysicsCategory.swift */ = {isa = PBXFileReference; lastKnownFileType = sourcecode.swift; path = PhysicsCategory.swift; sourceTree = "<group>"; };
		A1C0F1540000000000000004 /* ColorTokens.swift */ = {isa = PBXFileReference; lastKnownFileType = sourcecode.swift; path = ColorTokens.swift; sourceTree = "<group>"; };
		A1C0F1550000000000000005 /* PlayerNode.swift */ = {isa = PBXFileReference; lastKnownFileType = sourcecode.swift; path = PlayerNode.swift; sourceTree = "<group>"; };
		A1C0F1560000000000000006 /* DPadNode.swift */ = {isa = PBXFileReference; lastKnownFileType = sourcecode.swift; path = DPadNode.swift; sourceTree = "<group>"; };
		A1C0F1580000000000000008 /* NoteNode.swift */ = {isa = PBXFileReference; lastKnownFileType = sourcecode.swift; path = NoteNode.swift; sourceTree = "<group>"; };
		A1C0F1590000000000000009 /* HUDNode.swift */ = {isa = PBXFileReference; lastKnownFileType = sourcecode.swift; path = "GanhoMusic Shared/Nodes/HUDNode.swift"; sourceTree = "<group>"; };
		A1C0F15A000000000000000A /* EnemyNode.swift */ = {isa = PBXFileReference; lastKnownFileType = sourcecode.swift; path = EnemyNode.swift; sourceTree = "<group>"; };
		A1C0F15B000000000000000B /* ProjectileNode.swift */ = {isa = PBXFileReference; lastKnownFileType = sourcecode.swift; path = ProjectileNode.swift; sourceTree = "<group>"; };
		A1C0F15C000000000000000C /* SpawnSystem.swift */ = {isa = PBXFileReference; lastKnownFileType = sourcecode.swift; path = SpawnSystem.swift; sourceTree = "<group>"; };
		A1C0F15E000000000000000E /* ContactRouter.swift */ = {isa = PBXFileReference; lastKnownFileType = sourcecode.swift; path = ContactRouter.swift; sourceTree = "<group>"; };
		A1C0F15F000000000000000F /* ScoreSystem.swift */ = {isa = PBXFileReference; lastKnownFileType = sourcecode.swift; path = ScoreSystem.swift; sourceTree = "<group>"; };
		A1C0F1A00000000000000011 /* TitleScene.swift */ = {isa = PBXFileReference; lastKnownFileType = sourcecode.swift; path = TitleScene.swift; sourceTree = "<group>"; };
		A1C0F1A00000000000000012 /* ResultScene.swift */ = {isa = PBXFileReference; lastKnownFileType = sourcecode.swift; path = ResultScene.swift; sourceTree = "<group>"; };
		A1C0F1A00000000000000013 /* HighScoreRepository.swift */ = {isa = PBXFileReference; lastKnownFileType = sourcecode.swift; path = HighScoreRepository.swift; sourceTree = "<group>"; };
		A1C0F1A00000000000000014 /* GameStats.swift */ = {isa = PBXFileReference; lastKnownFileType = sourcecode.swift; path = GameStats.swift; sourceTree = "<group>"; };
		A1C0F1A00000000000000015 /* StatisticsRepository.swift */ = {isa = PBXFileReference; lastKnownFileType = sourcecode.swift; path = StatisticsRepository.swift; sourceTree = "<group>"; };
		A1C0F1A00000000000000024 /* CharacterPreferenceRepository.swift */ = {isa = PBXFileReference; lastKnownFileType = sourcecode.swift; path = CharacterPreferenceRepository.swift; sourceTree = "<group>"; };
		A1C0F1A00000000000000017 /* StoneGuardNode.swift */ = {isa = PBXFileReference; lastKnownFileType = sourcecode.swift; path = StoneGuardNode.swift; sourceTree = "<group>"; };
		A1C0F1A00000000000000018 /* AirplaneNode.swift */ = {isa = PBXFileReference; lastKnownFileType = sourcecode.swift; path = AirplaneNode.swift; sourceTree = "<group>"; };
		A1C0F1A00000000000000019 /* AirforceOverlayNode.swift */ = {isa = PBXFileReference; lastKnownFileType = sourcecode.swift; path = AirforceOverlayNode.swift; sourceTree = "<group>"; };
		A1C0F1A00000000000000020 /* BombFlashNode.swift */ = {isa = PBXFileReference; lastKnownFileType = sourcecode.swift; path = BombFlashNode.swift; sourceTree = "<group>"; };
		A1C0F1A00000000000000021 /* SelfDismissingNode.swift */ = {isa = PBXFileReference; lastKnownFileType = sourcecode.swift; path = SelfDismissingNode.swift; sourceTree = "<group>"; };
		A1C0F1A00000000000000022 /* CharacterID.swift */ = {isa = PBXFileReference; lastKnownFileType = sourcecode.swift; path = CharacterID.swift; sourceTree = "<group>"; };
		A1C0F1A00000000000000023 /* CharacterCardNode.swift */ = {isa = PBXFileReference; lastKnownFileType = sourcecode.swift; path = CharacterCardNode.swift; sourceTree = "<group>"; };
		C75D46292FA627C20016BB86 /* GanhoMusic.app */ = {isa = PBXFileReference; explicitFileType = wrapper.application; includeInIndex = 0; path = GanhoMusic.app; sourceTree = BUILT_PRODUCTS_DIR; };
		C75D463A2FA627C20016BB86 /* GanhoMusic.app */ = {isa = PBXFileReference; explicitFileType = wrapper.application; includeInIndex = 0; path = GanhoMusic.app; sourceTree = BUILT_PRODUCTS_DIR; };
		C75D464A2FA627C20016BB86 /* GanhoMusic.app */ = {isa = PBXFileReference; explicitFileType = wrapper.application; includeInIndex = 0; path = GanhoMusic.app; sourceTree = BUILT_PRODUCTS_DIR; };
/* End PBXFileReference section */

/* Begin PBXFileSystemSynchronizedBuildFileExceptionSet section */
		C75D465F2FA627C20016BB86 /* Exceptions for "GanhoMusic Shared" folder in "GanhoMusic iOS" target */ = {
			isa = PBXFileSystemSynchronizedBuildFileExceptionSet;
			membershipExceptions = (
				Actions.sks,
				Assets.xcassets,
				GameScene.sks,
				GameScene.swift,
				"GameScene+Setup.swift",
			);
			target = C75D46282FA627C20016BB86 /* GanhoMusic iOS */;
		};
		C75D46632FA627C20016BB86 /* Exceptions for "GanhoMusic iOS" folder in "GanhoMusic iOS" target */ = {
			isa = PBXFileSystemSynchronizedBuildFileExceptionSet;
			membershipExceptions = (
				Info.plist,
			);
			target = C75D46282FA627C20016BB86 /* GanhoMusic iOS */;
		};
		C75D46642FA627C20016BB86 /* Exceptions for "GanhoMusic Shared" folder in "GanhoMusic tvOS" target */ = {
			isa = PBXFileSystemSynchronizedBuildFileExceptionSet;
			membershipExceptions = (
				Actions.sks,
				Assets.xcassets,
				GameScene.sks,
				GameScene.swift,
				"GameScene+Setup.swift",
			);
			target = C75D46392FA627C20016BB86 /* GanhoMusic tvOS */;
		};
		C75D46682FA627C20016BB86 /* Exceptions for "GanhoMusic tvOS" folder in "GanhoMusic tvOS" target */ = {
			isa = PBXFileSystemSynchronizedBuildFileExceptionSet;
			membershipExceptions = (
				Info.plist,
			);
			target = C75D46392FA627C20016BB86 /* GanhoMusic tvOS */;
		};
		C75D46692FA627C20016BB86 /* Exceptions for "GanhoMusic Shared" folder in "GanhoMusic macOS" target */ = {
			isa = PBXFileSystemSynchronizedBuildFileExceptionSet;
			membershipExceptions = (
				Actions.sks,
				Assets.xcassets,
				GameScene.sks,
				GameScene.swift,
				"GameScene+Setup.swift",
			);
			target = C75D46492FA627C20016BB86 /* GanhoMusic macOS */;
		};
/* End PBXFileSystemSynchronizedBuildFileExceptionSet section */

/* Begin PBXFileSystemSynchronizedRootGroup section */
		C75D46202FA627C10016BB86 /* GanhoMusic Shared */ = {
			isa = PBXFileSystemSynchronizedRootGroup;
			exceptions = (
				C75D465F2FA627C20016BB86 /* Exceptions for "GanhoMusic Shared" folder in "GanhoMusic iOS" target */,
				C75D46642FA627C20016BB86 /* Exceptions for "GanhoMusic Shared" folder in "GanhoMusic tvOS" target */,
				C75D46692FA627C20016BB86 /* Exceptions for "GanhoMusic Shared" folder in "GanhoMusic macOS" target */,
			);
			path = "GanhoMusic Shared";
			sourceTree = "<group>";
		};
		C75D462B2FA627C20016BB86 /* GanhoMusic iOS */ = {
			isa = PBXFileSystemSynchronizedRootGroup;
			exceptions = (
				C75D46632FA627C20016BB86 /* Exceptions for "GanhoMusic iOS" folder in "GanhoMusic iOS" target */,
			);
			path = "GanhoMusic iOS";
			sourceTree = "<group>";
		};
		C75D463B2FA627C20016BB86 /* GanhoMusic tvOS */ = {
			isa = PBXFileSystemSynchronizedRootGroup;
			exceptions = (
				C75D46682FA627C20016BB86 /* Exceptions for "GanhoMusic tvOS" folder in "GanhoMusic tvOS" target */,
			);
			path = "GanhoMusic tvOS";
			sourceTree = "<group>";
		};
		C75D464B2FA627C20016BB86 /* GanhoMusic macOS */ = {
			isa = PBXFileSystemSynchronizedRootGroup;
			path = "GanhoMusic macOS";
			sourceTree = "<group>";
		};
/* End PBXFileSystemSynchronizedRootGroup section */

/* Begin PBXFrameworksBuildPhase section */
		C75D46262FA627C20016BB86 /* Frameworks */ = {
			isa = PBXFrameworksBuildPhase;
			buildActionMask = 2147483647;
			files = (
			);
			runOnlyForDeploymentPostprocessing = 0;
		};
		C75D46372FA627C20016BB86 /* Frameworks */ = {
			isa = PBXFrameworksBuildPhase;
			buildActionMask = 2147483647;
			files = (
			);
			runOnlyForDeploymentPostprocessing = 0;
		};
		C75D46472FA627C20016BB86 /* Frameworks */ = {
			isa = PBXFrameworksBuildPhase;
			buildActionMask = 2147483647;
			files = (
			);
			runOnlyForDeploymentPostprocessing = 0;
		};
/* End PBXFrameworksBuildPhase section */

/* Begin PBXGroup section */
		A1C0F1500000000000000000 /* Config */ = {
			isa = PBXGroup;
			children = (
				A1C0F1510000000000000001 /* GameConfig.swift */,
				A1C0F1520000000000000002 /* GameState.swift */,
				A1C0F1530000000000000003 /* PhysicsCategory.swift */,
				A1C0F1540000000000000004 /* ColorTokens.swift */,
			);
			name = Config;
			path = "GanhoMusic Shared/Config";
			sourceTree = "<group>";
		};
		A1C0F1570000000000000007 /* Nodes */ = {
			isa = PBXGroup;
			children = (
				A1C0F1550000000000000005 /* PlayerNode.swift */,
				A1C0F1560000000000000006 /* DPadNode.swift */,
				A1C0F1580000000000000008 /* NoteNode.swift */,
				A1C0F15A000000000000000A /* EnemyNode.swift */,
				A1C0F15B000000000000000B /* ProjectileNode.swift */,
				A1C0F1A00000000000000017 /* StoneGuardNode.swift */,
				A1C0F1A00000000000000018 /* AirplaneNode.swift */,
				A1C0F1A00000000000000019 /* AirforceOverlayNode.swift */,
				A1C0F1A00000000000000020 /* BombFlashNode.swift */,
				A1C0F1A00000000000000023 /* CharacterCardNode.swift */,
			);
			name = Nodes;
			path = "GanhoMusic Shared/Nodes";
			sourceTree = "<group>";
		};
		A1C0F1C00000000000000012 /* Scenes */ = {
			isa = PBXGroup;
			children = (
				A1C0F1A00000000000000011 /* TitleScene.swift */,
				A1C0F1A00000000000000012 /* ResultScene.swift */,
			);
			name = Scenes;
			path = "GanhoMusic Shared/Scenes";
			sourceTree = "<group>";
		};
		A1C0F15D000000000000000D /* Systems */ = {
			isa = PBXGroup;
			children = (
				A1C0F15C000000000000000C /* SpawnSystem.swift */,
				A1C0F15E000000000000000E /* ContactRouter.swift */,
				A1C0F15F000000000000000F /* ScoreSystem.swift */,
			);
			name = Systems;
			path = "GanhoMusic Shared/Systems";
			sourceTree = "<group>";
		};
		A1C0F1D00000000000000013 /* Repositories */ = {
			isa = PBXGroup;
			children = (
				A1C0F1A00000000000000013 /* HighScoreRepository.swift */,
				A1C0F1A00000000000000015 /* StatisticsRepository.swift */,
				A1C0F1A00000000000000024 /* CharacterPreferenceRepository.swift */,
			);
			name = Repositories;
			path = "GanhoMusic Shared/Repositories";
			sourceTree = "<group>";
		};
		A1C0F1E00000000000000014 /* Models */ = {
			isa = PBXGroup;
			children = (
				A1C0F1A00000000000000014 /* GameStats.swift */,
				A1C0F1A00000000000000022 /* CharacterID.swift */,
			);
			name = Models;
			path = "GanhoMusic Shared/Models";
			sourceTree = "<group>";
		};
		A1C0F1F00000000000000016 /* Protocols */ = {
			isa = PBXGroup;
			children = (
				A1C0F1A00000000000000021 /* SelfDismissingNode.swift */,
			);
			name = Protocols;
			path = "GanhoMusic Shared/Protocols";
			sourceTree = "<group>";
		};
		C75D461B2FA627C10016BB86 = {
			isa = PBXGroup;
			children = (
				C75D46202FA627C10016BB86 /* GanhoMusic Shared */,
				A1C0F1500000000000000000 /* Config */,
				A1C0F1570000000000000007 /* Nodes */,
				A1C0F1C00000000000000012 /* Scenes */,
				A1C0F15D000000000000000D /* Systems */,
				A1C0F1D00000000000000013 /* Repositories */,
				A1C0F1E00000000000000014 /* Models */,
				A1C0F1F00000000000000016 /* Protocols */,
				C75D462B2FA627C20016BB86 /* GanhoMusic iOS */,
				C75D463B2FA627C20016BB86 /* GanhoMusic tvOS */,
				C75D464B2FA627C20016BB86 /* GanhoMusic macOS */,
				C75D462A2FA627C20016BB86 /* Products */,
			);
			sourceTree = "<group>";
		};
		C75D462A2FA627C20016BB86 /* Products */ = {
			isa = PBXGroup;
			children = (
				C75D46292FA627C20016BB86 /* GanhoMusic.app */,
				C75D463A2FA627C20016BB86 /* GanhoMusic.app */,
				C75D464A2FA627C20016BB86 /* GanhoMusic.app */,
			);
			name = Products;
			sourceTree = "<group>";
		};
/* End PBXGroup section */

/* Begin PBXNativeTarget section */
		C75D46282FA627C20016BB86 /* GanhoMusic iOS */ = {
			isa = PBXNativeTarget;
			buildConfigurationList = C75D46602FA627C20016BB86 /* Build configuration list for PBXNativeTarget "GanhoMusic iOS" */;
			buildPhases = (
				C75D46252FA627C20016BB86 /* Sources */,
				C75D46262FA627C20016BB86 /* Frameworks */,
				C75D46272FA627C20016BB86 /* Resources */,
			);
			buildRules = (
			);
			dependencies = (
			);
			fileSystemSynchronizedGroups = (
				C75D462B2FA627C20016BB86 /* GanhoMusic iOS */,
			);
			name = "GanhoMusic iOS";
			packageProductDependencies = (
			);
			productName = "GanhoMusic iOS";
			productReference = C75D46292FA627C20016BB86 /* GanhoMusic.app */;
			productType = "com.apple.product-type.application";
		};
		C75D46392FA627C20016BB86 /* GanhoMusic tvOS */ = {
			isa = PBXNativeTarget;
			buildConfigurationList = C75D46652FA627C20016BB86 /* Build configuration list for PBXNativeTarget "GanhoMusic tvOS" */;
			buildPhases = (
				C75D46362FA627C20016BB86 /* Sources */,
				C75D46372FA627C20016BB86 /* Frameworks */,
				C75D46382FA627C20016BB86 /* Resources */,
			);
			buildRules = (
			);
			dependencies = (
			);
			fileSystemSynchronizedGroups = (
				C75D463B2FA627C20016BB86 /* GanhoMusic tvOS */,
			);
			name = "GanhoMusic tvOS";
			packageProductDependencies = (
			);
			productName = "GanhoMusic tvOS";
			productReference = C75D463A2FA627C20016BB86 /* GanhoMusic.app */;
			productType = "com.apple.product-type.application";
		};
		C75D46492FA627C20016BB86 /* GanhoMusic macOS */ = {
			isa = PBXNativeTarget;
			buildConfigurationList = C75D466A2FA627C20016BB86 /* Build configuration list for PBXNativeTarget "GanhoMusic macOS" */;
			buildPhases = (
				C75D46462FA627C20016BB86 /* Sources */,
				C75D46472FA627C20016BB86 /* Frameworks */,
				C75D46482FA627C20016BB86 /* Resources */,
			);
			buildRules = (
			);
			dependencies = (
			);
			fileSystemSynchronizedGroups = (
				C75D464B2FA627C20016BB86 /* GanhoMusic macOS */,
			);
			name = "GanhoMusic macOS";
			packageProductDependencies = (
			);
			productName = "GanhoMusic macOS";
			productReference = C75D464A2FA627C20016BB86 /* GanhoMusic.app */;
			productType = "com.apple.product-type.application";
		};
/* End PBXNativeTarget section */

/* Begin PBXProject section */
		C75D461C2FA627C10016BB86 /* Project object */ = {
			isa = PBXProject;
			attributes = {
				BuildIndependentTargetsInParallel = 1;
				LastSwiftUpdateCheck = 2640;
				LastUpgradeCheck = 2640;
				TargetAttributes = {
					C75D46282FA627C20016BB86 = {
						CreatedOnToolsVersion = 26.4.1;
					};
					C75D46392FA627C20016BB86 = {
						CreatedOnToolsVersion = 26.4.1;
					};
					C75D46492FA627C20016BB86 = {
						CreatedOnToolsVersion = 26.4.1;
					};
				};
			};
			buildConfigurationList = C75D461F2FA627C10016BB86 /* Build configuration list for PBXProject "GanhoMusic" */;
			developmentRegion = en;
			hasScannedForEncodings = 0;
			knownRegions = (
				en,
				Base,
			);
			mainGroup = C75D461B2FA627C10016BB86;
			minimizedProjectReferenceProxies = 1;
			preferredProjectObjectVersion = 77;
			productRefGroup = C75D462A2FA627C20016BB86 /* Products */;
			projectDirPath = "";
			projectRoot = "";
			targets = (
				C75D46282FA627C20016BB86 /* GanhoMusic iOS */,
				C75D46392FA627C20016BB86 /* GanhoMusic tvOS */,
				C75D46492FA627C20016BB86 /* GanhoMusic macOS */,
			);
		};
/* End PBXProject section */

/* Begin PBXResourcesBuildPhase section */
		C75D46272FA627C20016BB86 /* Resources */ = {
			isa = PBXResourcesBuildPhase;
			buildActionMask = 2147483647;
			files = (
			);
			runOnlyForDeploymentPostprocessing = 0;
		};
		C75D46382FA627C20016BB86 /* Resources */ = {
			isa = PBXResourcesBuildPhase;
			buildActionMask = 2147483647;
			files = (
			);
			runOnlyForDeploymentPostprocessing = 0;
		};
		C75D46482FA627C20016BB86 /* Resources */ = {
			isa = PBXResourcesBuildPhase;
			buildActionMask = 2147483647;
			files = (
			);
			runOnlyForDeploymentPostprocessing = 0;
		};
/* End PBXResourcesBuildPhase section */

/* Begin PBXSourcesBuildPhase section */
		C75D46252FA627C20016BB86 /* Sources */ = {
			isa = PBXSourcesBuildPhase;
			buildActionMask = 2147483647;
			files = (
				A1C0F1610000000000000001 /* GameConfig.swift in Sources */,
				A1C0F1620000000000000002 /* GameState.swift in Sources */,
				A1C0F1630000000000000003 /* PhysicsCategory.swift in Sources */,
				A1C0F1640000000000000004 /* ColorTokens.swift in Sources */,
				A1C0F1650000000000000005 /* PlayerNode.swift in Sources */,
				A1C0F1660000000000000006 /* DPadNode.swift in Sources */,
				A1C0F1680000000000000008 /* NoteNode.swift in Sources */,
				A1C0F1690000000000000009 /* HUDNode.swift in Sources */,
				A1C0F16A000000000000000A /* EnemyNode.swift in Sources */,
				A1C0F16B000000000000000B /* ProjectileNode.swift in Sources */,
				A1C0F16C000000000000000C /* SpawnSystem.swift in Sources */,
				A1C0F16E000000000000000E /* ContactRouter.swift in Sources */,
				A1C0F16F000000000000000F /* ScoreSystem.swift in Sources */,
				A1C0F1B00000000000000011 /* TitleScene.swift in Sources */,
				A1C0F1B00000000000000012 /* ResultScene.swift in Sources */,
				A1C0F1B00000000000000013 /* HighScoreRepository.swift in Sources */,
				A1C0F1B00000000000000014 /* GameStats.swift in Sources */,
				A1C0F1B00000000000000015 /* StatisticsRepository.swift in Sources */,
				A1C0F1B00000000000000024 /* CharacterPreferenceRepository.swift in Sources */,
				A1C0F1B00000000000000017 /* StoneGuardNode.swift in Sources */,
				A1C0F1B00000000000000018 /* AirplaneNode.swift in Sources */,
				A1C0F1B00000000000000019 /* AirforceOverlayNode.swift in Sources */,
				A1C0F1B00000000000000020 /* BombFlashNode.swift in Sources */,
				A1C0F1B00000000000000021 /* SelfDismissingNode.swift in Sources */,
				A1C0F1B00000000000000022 /* CharacterID.swift in Sources */,
				A1C0F1B00000000000000023 /* CharacterCardNode.swift in Sources */,
			);
			runOnlyForDeploymentPostprocessing = 0;
		};
		C75D46362FA627C20016BB86 /* Sources */ = {
			isa = PBXSourcesBuildPhase;
			buildActionMask = 2147483647;
			files = (
			);
			runOnlyForDeploymentPostprocessing = 0;
		};
		C75D46462FA627C20016BB86 /* Sources */ = {
			isa = PBXSourcesBuildPhase;
			buildActionMask = 2147483647;
			files = (
			);
			runOnlyForDeploymentPostprocessing = 0;
		};
/* End PBXSourcesBuildPhase section */

/* Begin XCBuildConfiguration section */
		C75D46612FA627C20016BB86 /* Debug */ = {
			isa = XCBuildConfiguration;
			buildSettings = {
				ASSETCATALOG_COMPILER_APPICON_NAME = AppIcon;
				ASSETCATALOG_COMPILER_GLOBAL_ACCENT_COLOR_NAME = AccentColor;
				CODE_SIGN_STYLE = Automatic;
				CURRENT_PROJECT_VERSION = 1;
				GENERATE_INFOPLIST_FILE = YES;
				INFOPLIST_FILE = "GanhoMusic iOS/Info.plist";
				INFOPLIST_KEY_UIApplicationSupportsIndirectInputEvents = YES;
				INFOPLIST_KEY_UIMainStoryboardFile = Main;
				INFOPLIST_KEY_UIStatusBarHidden = YES;
				INFOPLIST_KEY_UISupportedInterfaceOrientations = "UIInterfaceOrientationLandscapeLeft UIInterfaceOrientationLandscapeRight";
				INFOPLIST_KEY_UISupportedInterfaceOrientations_iPad = "UIInterfaceOrientationLandscapeLeft UIInterfaceOrientationLandscapeRight UIInterfaceOrientationPortrait UIInterfaceOrientationPortraitUpsideDown";
				IPHONEOS_DEPLOYMENT_TARGET = 16.6;
				LD_RUNPATH_SEARCH_PATHS = (
					"$(inherited)",
					"@executable_path/Frameworks",
				);
				MARKETING_VERSION = 1.0;
				PRODUCT_BUNDLE_IDENTIFIER = com.hg.GanhoMusic;
				PRODUCT_NAME = GanhoMusic;
				SDKROOT = iphoneos;
				STRING_CATALOG_GENERATE_SYMBOLS = YES;
				SWIFT_APPROACHABLE_CONCURRENCY = YES;
				SWIFT_DEFAULT_ACTOR_ISOLATION = MainActor;
				SWIFT_EMIT_LOC_STRINGS = YES;
				SWIFT_UPCOMING_FEATURE_MEMBER_IMPORT_VISIBILITY = YES;
				SWIFT_VERSION = 5.0;
				TARGETED_DEVICE_FAMILY = "1,2";
			};
			name = Debug;
		};
		C75D46622FA627C20016BB86 /* Release */ = {
			isa = XCBuildConfiguration;
			buildSettings = {
				ASSETCATALOG_COMPILER_APPICON_NAME = AppIcon;
				ASSETCATALOG_COMPILER_GLOBAL_ACCENT_COLOR_NAME = AccentColor;
				CODE_SIGN_STYLE = Automatic;
				CURRENT_PROJECT_VERSION = 1;
				GENERATE_INFOPLIST_FILE = YES;
				INFOPLIST_FILE = "GanhoMusic iOS/Info.plist";
				INFOPLIST_KEY_UIApplicationSupportsIndirectInputEvents = YES;
				INFOPLIST_KEY_UIMainStoryboardFile = Main;
				INFOPLIST_KEY_UIStatusBarHidden = YES;
				INFOPLIST_KEY_UISupportedInterfaceOrientations = "UIInterfaceOrientationLandscapeLeft UIInterfaceOrientationLandscapeRight";
				INFOPLIST_KEY_UISupportedInterfaceOrientations_iPad = "UIInterfaceOrientationLandscapeLeft UIInterfaceOrientationLandscapeRight UIInterfaceOrientationPortrait UIInterfaceOrientationPortraitUpsideDown";
				IPHONEOS_DEPLOYMENT_TARGET = 16.6;
				LD_RUNPATH_SEARCH_PATHS = (
					"$(inherited)",
					"@executable_path/Frameworks",
				);
				MARKETING_VERSION = 1.0;
				PRODUCT_BUNDLE_IDENTIFIER = com.hg.GanhoMusic;
				PRODUCT_NAME = GanhoMusic;
				SDKROOT = iphoneos;
				STRING_CATALOG_GENERATE_SYMBOLS = YES;
				SWIFT_APPROACHABLE_CONCURRENCY = YES;
				SWIFT_DEFAULT_ACTOR_ISOLATION = MainActor;
				SWIFT_EMIT_LOC_STRINGS = YES;
				SWIFT_UPCOMING_FEATURE_MEMBER_IMPORT_VISIBILITY = YES;
				SWIFT_VERSION = 5.0;
				TARGETED_DEVICE_FAMILY = "1,2";
				VALIDATE_PRODUCT = YES;
			};
			name = Release;
		};
		C75D46662FA627C20016BB86 /* Debug */ = {
			isa = XCBuildConfiguration;
			buildSettings = {
				ASSETCATALOG_COMPILER_APPICON_NAME = "tvOS App Icon & Top Shelf Image";
				ASSETCATALOG_COMPILER_GLOBAL_ACCENT_COLOR_NAME = AccentColor;
				CODE_SIGN_STYLE = Automatic;
				CURRENT_PROJECT_VERSION = 1;
				GENERATE_INFOPLIST_FILE = YES;
				INFOPLIST_FILE = "GanhoMusic tvOS/Info.plist";
				INFOPLIST_KEY_UILaunchStoryboardName = LaunchScreen;
				INFOPLIST_KEY_UIMainStoryboardFile = Main;
				INFOPLIST_KEY_UIUserInterfaceStyle = Automatic;
				LD_RUNPATH_SEARCH_PATHS = (
					"$(inherited)",
					"@executable_path/Frameworks",
				);
				MARKETING_VERSION = 1.0;
				PRODUCT_BUNDLE_IDENTIFIER = com.hg.GanhoMusic;
				PRODUCT_NAME = GanhoMusic;
				SDKROOT = appletvos;
				STRING_CATALOG_GENERATE_SYMBOLS = YES;
				SWIFT_APPROACHABLE_CONCURRENCY = YES;
				SWIFT_DEFAULT_ACTOR_ISOLATION = MainActor;
				SWIFT_EMIT_LOC_STRINGS = YES;
				SWIFT_UPCOMING_FEATURE_MEMBER_IMPORT_VISIBILITY = YES;
				SWIFT_VERSION = 5.0;
				TARGETED_DEVICE_FAMILY = 3;
				TVOS_DEPLOYMENT_TARGET = 26.4;
			};
			name = Debug;
		};
		C75D46672FA627C20016BB86 /* Release */ = {
			isa = XCBuildConfiguration;
			buildSettings = {
				ASSETCATALOG_COMPILER_APPICON_NAME = "tvOS App Icon & Top Shelf Image";
				ASSETCATALOG_COMPILER_GLOBAL_ACCENT_COLOR_NAME = AccentColor;
				CODE_SIGN_STYLE = Automatic;
				CURRENT_PROJECT_VERSION = 1;
				GENERATE_INFOPLIST_FILE = YES;
				INFOPLIST_FILE = "GanhoMusic tvOS/Info.plist";
				INFOPLIST_KEY_UILaunchStoryboardName = LaunchScreen;
				INFOPLIST_KEY_UIMainStoryboardFile = Main;
				INFOPLIST_KEY_UIUserInterfaceStyle = Automatic;
				LD_RUNPATH_SEARCH_PATHS = (
					"$(inherited)",
					"@executable_path/Frameworks",
				);
				MARKETING_VERSION = 1.0;
				PRODUCT_BUNDLE_IDENTIFIER = com.hg.GanhoMusic;
				PRODUCT_NAME = GanhoMusic;
				SDKROOT = appletvos;
				STRING_CATALOG_GENERATE_SYMBOLS = YES;
				SWIFT_APPROACHABLE_CONCURRENCY = YES;
				SWIFT_DEFAULT_ACTOR_ISOLATION = MainActor;
				SWIFT_EMIT_LOC_STRINGS = YES;
				SWIFT_UPCOMING_FEATURE_MEMBER_IMPORT_VISIBILITY = YES;
				SWIFT_VERSION = 5.0;
				TARGETED_DEVICE_FAMILY = 3;
				TVOS_DEPLOYMENT_TARGET = 26.4;
				VALIDATE_PRODUCT = YES;
			};
			name = Release;
		};
		C75D466B2FA627C20016BB86 /* Debug */ = {
			isa = XCBuildConfiguration;
			buildSettings = {
				ASSETCATALOG_COMPILER_APPICON_NAME = AppIcon;
				ASSETCATALOG_COMPILER_GLOBAL_ACCENT_COLOR_NAME = AccentColor;
				CODE_SIGN_STYLE = Automatic;
				COMBINE_HIDPI_IMAGES = YES;
				CURRENT_PROJECT_VERSION = 1;
				ENABLE_APP_SANDBOX = YES;
				ENABLE_USER_SELECTED_FILES = readonly;
				GENERATE_INFOPLIST_FILE = YES;
				INFOPLIST_KEY_NSHumanReadableCopyright = "";
				INFOPLIST_KEY_NSMainStoryboardFile = Main;
				INFOPLIST_KEY_NSPrincipalClass = NSApplication;
				LD_RUNPATH_SEARCH_PATHS = (
					"$(inherited)",
					"@executable_path/../Frameworks",
				);
				MACOSX_DEPLOYMENT_TARGET = 26.3;
				MARKETING_VERSION = 1.0;
				PRODUCT_BUNDLE_IDENTIFIER = com.hg.GanhoMusic;
				PRODUCT_NAME = GanhoMusic;
				REGISTER_APP_GROUPS = YES;
				SDKROOT = macosx;
				STRING_CATALOG_GENERATE_SYMBOLS = YES;
				SWIFT_APPROACHABLE_CONCURRENCY = YES;
				SWIFT_DEFAULT_ACTOR_ISOLATION = MainActor;
				SWIFT_EMIT_LOC_STRINGS = YES;
				SWIFT_UPCOMING_FEATURE_MEMBER_IMPORT_VISIBILITY = YES;
				SWIFT_VERSION = 5.0;
			};
			name = Debug;
		};
		C75D466C2FA627C20016BB86 /* Release */ = {
			isa = XCBuildConfiguration;
			buildSettings = {
				ASSETCATALOG_COMPILER_APPICON_NAME = AppIcon;
				ASSETCATALOG_COMPILER_GLOBAL_ACCENT_COLOR_NAME = AccentColor;
				CODE_SIGN_STYLE = Automatic;
				COMBINE_HIDPI_IMAGES = YES;
				CURRENT_PROJECT_VERSION = 1;
				ENABLE_APP_SANDBOX = YES;
				ENABLE_USER_SELECTED_FILES = readonly;
				GENERATE_INFOPLIST_FILE = YES;
				INFOPLIST_KEY_NSHumanReadableCopyright = "";
				INFOPLIST_KEY_NSMainStoryboardFile = Main;
				INFOPLIST_KEY_NSPrincipalClass = NSApplication;
				LD_RUNPATH_SEARCH_PATHS = (
					"$(inherited)",
					"@executable_path/../Frameworks",
				);
				MACOSX_DEPLOYMENT_TARGET = 26.3;
				MARKETING_VERSION = 1.0;
				PRODUCT_BUNDLE_IDENTIFIER = com.hg.GanhoMusic;
				PRODUCT_NAME = GanhoMusic;
				REGISTER_APP_GROUPS = YES;
				SDKROOT = macosx;
				STRING_CATALOG_GENERATE_SYMBOLS = YES;
				SWIFT_APPROACHABLE_CONCURRENCY = YES;
				SWIFT_DEFAULT_ACTOR_ISOLATION = MainActor;
				SWIFT_EMIT_LOC_STRINGS = YES;
				SWIFT_UPCOMING_FEATURE_MEMBER_IMPORT_VISIBILITY = YES;
				SWIFT_VERSION = 5.0;
			};
			name = Release;
		};
		C75D466D2FA627C20016BB86 /* Debug */ = {
			isa = XCBuildConfiguration;
			buildSettings = {
				ALWAYS_SEARCH_USER_PATHS = NO;
				ASSETCATALOG_COMPILER_GENERATE_SWIFT_ASSET_SYMBOL_EXTENSIONS = YES;
				CLANG_ANALYZER_NONNULL = YES;
				CLANG_ANALYZER_NUMBER_OBJECT_CONVERSION = YES_AGGRESSIVE;
				CLANG_CXX_LANGUAGE_STANDARD = "gnu++20";
				CLANG_ENABLE_MODULES = YES;
				CLANG_ENABLE_OBJC_ARC = YES;
				CLANG_ENABLE_OBJC_WEAK = YES;
				CLANG_WARN_BLOCK_CAPTURE_AUTORELEASING = YES;
				CLANG_WARN_BOOL_CONVERSION = YES;
				CLANG_WARN_COMMA = YES;
				CLANG_WARN_CONSTANT_CONVERSION = YES;
				CLANG_WARN_DEPRECATED_OBJC_IMPLEMENTATIONS = YES;
				CLANG_WARN_DIRECT_OBJC_ISA_USAGE = YES_ERROR;
				CLANG_WARN_DOCUMENTATION_COMMENTS = YES;
				CLANG_WARN_EMPTY_BODY = YES;
				CLANG_WARN_ENUM_CONVERSION = YES;
				CLANG_WARN_INFINITE_RECURSION = YES;
				CLANG_WARN_INT_CONVERSION = YES;
				CLANG_WARN_NON_LITERAL_NULL_CONVERSION = YES;
				CLANG_WARN_OBJC_IMPLICIT_RETAIN_SELF = YES;
				CLANG_WARN_OBJC_LITERAL_CONVERSION = YES;
				CLANG_WARN_OBJC_ROOT_CLASS = YES_ERROR;
				CLANG_WARN_QUOTED_INCLUDE_IN_FRAMEWORK_HEADER = YES;
				CLANG_WARN_RANGE_LOOP_ANALYSIS = YES;
				CLANG_WARN_STRICT_PROTOTYPES = YES;
				CLANG_WARN_SUSPICIOUS_MOVE = YES;
				CLANG_WARN_UNGUARDED_AVAILABILITY = YES_AGGRESSIVE;
				CLANG_WARN_UNREACHABLE_CODE = YES;
				CLANG_WARN__DUPLICATE_METHOD_MATCH = YES;
				COPY_PHASE_STRIP = NO;
				DEBUG_INFORMATION_FORMAT = dwarf;
				ENABLE_STRICT_OBJC_MSGSEND = YES;
				ENABLE_TESTABILITY = YES;
				ENABLE_USER_SCRIPT_SANDBOXING = YES;
				GCC_C_LANGUAGE_STANDARD = gnu17;
				GCC_DYNAMIC_NO_PIC = NO;
				GCC_NO_COMMON_BLOCKS = YES;
				GCC_OPTIMIZATION_LEVEL = 0;
				GCC_PREPROCESSOR_DEFINITIONS = (
					"DEBUG=1",
					"$(inherited)",
				);
				GCC_WARN_64_TO_32_BIT_CONVERSION = YES;
				GCC_WARN_ABOUT_RETURN_TYPE = YES_ERROR;
				GCC_WARN_UNDECLARED_SELECTOR = YES;
				GCC_WARN_UNINITIALIZED_AUTOS = YES_AGGRESSIVE;
				GCC_WARN_UNUSED_FUNCTION = YES;
				GCC_WARN_UNUSED_VARIABLE = YES;
				LOCALIZATION_PREFERS_STRING_CATALOGS = YES;
				MTL_ENABLE_DEBUG_INFO = INCLUDE_SOURCE;
				MTL_FAST_MATH = YES;
				ONLY_ACTIVE_ARCH = YES;
				SWIFT_ACTIVE_COMPILATION_CONDITIONS = "DEBUG $(inherited)";
				SWIFT_OPTIMIZATION_LEVEL = "-Onone";
			};
			name = Debug;
		};
		C75D466E2FA627C20016BB86 /* Release */ = {
			isa = XCBuildConfiguration;
			buildSettings = {
				ALWAYS_SEARCH_USER_PATHS = NO;
				ASSETCATALOG_COMPILER_GENERATE_SWIFT_ASSET_SYMBOL_EXTENSIONS = YES;
				CLANG_ANALYZER_NONNULL = YES;
				CLANG_ANALYZER_NUMBER_OBJECT_CONVERSION = YES_AGGRESSIVE;
				CLANG_CXX_LANGUAGE_STANDARD = "gnu++20";
				CLANG_ENABLE_MODULES = YES;
				CLANG_ENABLE_OBJC_ARC = YES;
				CLANG_ENABLE_OBJC_WEAK = YES;
				CLANG_WARN_BLOCK_CAPTURE_AUTORELEASING = YES;
				CLANG_WARN_BOOL_CONVERSION = YES;
				CLANG_WARN_COMMA = YES;
				CLANG_WARN_CONSTANT_CONVERSION = YES;
				CLANG_WARN_DEPRECATED_OBJC_IMPLEMENTATIONS = YES;
				CLANG_WARN_DIRECT_OBJC_ISA_USAGE = YES_ERROR;
				CLANG_WARN_DOCUMENTATION_COMMENTS = YES;
				CLANG_WARN_EMPTY_BODY = YES;
				CLANG_WARN_ENUM_CONVERSION = YES;
				CLANG_WARN_INFINITE_RECURSION = YES;
				CLANG_WARN_INT_CONVERSION = YES;
				CLANG_WARN_NON_LITERAL_NULL_CONVERSION = YES;
				CLANG_WARN_OBJC_IMPLICIT_RETAIN_SELF = YES;
				CLANG_WARN_OBJC_LITERAL_CONVERSION = YES;
				CLANG_WARN_OBJC_ROOT_CLASS = YES_ERROR;
				CLANG_WARN_QUOTED_INCLUDE_IN_FRAMEWORK_HEADER = YES;
				CLANG_WARN_RANGE_LOOP_ANALYSIS = YES;
				CLANG_WARN_STRICT_PROTOTYPES = YES;
				CLANG_WARN_SUSPICIOUS_MOVE = YES;
				CLANG_WARN_UNGUARDED_AVAILABILITY = YES_AGGRESSIVE;
				CLANG_WARN_UNREACHABLE_CODE = YES;
				CLANG_WARN__DUPLICATE_METHOD_MATCH = YES;
				COPY_PHASE_STRIP = NO;
				DEBUG_INFORMATION_FORMAT = "dwarf-with-dsym";
				ENABLE_NS_ASSERTIONS = NO;
				ENABLE_STRICT_OBJC_MSGSEND = YES;
				ENABLE_USER_SCRIPT_SANDBOXING = YES;
				GCC_C_LANGUAGE_STANDARD = gnu17;
				GCC_NO_COMMON_BLOCKS = YES;
				GCC_WARN_64_TO_32_BIT_CONVERSION = YES;
				GCC_WARN_ABOUT_RETURN_TYPE = YES_ERROR;
				GCC_WARN_UNDECLARED_SELECTOR = YES;
				GCC_WARN_UNINITIALIZED_AUTOS = YES_AGGRESSIVE;
				GCC_WARN_UNUSED_FUNCTION = YES;
				GCC_WARN_UNUSED_VARIABLE = YES;
				LOCALIZATION_PREFERS_STRING_CATALOGS = YES;
				MTL_ENABLE_DEBUG_INFO = NO;
				MTL_FAST_MATH = YES;
				SWIFT_COMPILATION_MODE = wholemodule;
			};
			name = Release;
		};
/* End XCBuildConfiguration section */

/* Begin XCConfigurationList section */
		C75D461F2FA627C10016BB86 /* Build configuration list for PBXProject "GanhoMusic" */ = {
			isa = XCConfigurationList;
			buildConfigurations = (
				C75D466D2FA627C20016BB86 /* Debug */,
				C75D466E2FA627C20016BB86 /* Release */,
			);
			defaultConfigurationIsVisible = 0;
			defaultConfigurationName = Release;
		};
		C75D46602FA627C20016BB86 /* Build configuration list for PBXNativeTarget "GanhoMusic iOS" */ = {
			isa = XCConfigurationList;
			buildConfigurations = (
				C75D46612FA627C20016BB86 /* Debug */,
				C75D46622FA627C20016BB86 /* Release */,
			);
			defaultConfigurationIsVisible = 0;
			defaultConfigurationName = Release;
		};
		C75D46652FA627C20016BB86 /* Build configuration list for PBXNativeTarget "GanhoMusic tvOS" */ = {
			isa = XCConfigurationList;
			buildConfigurations = (
				C75D46662FA627C20016BB86 /* Debug */,
				C75D46672FA627C20016BB86 /* Release */,
			);
			defaultConfigurationIsVisible = 0;
			defaultConfigurationName = Release;
		};
		C75D466A2FA627C20016BB86 /* Build configuration list for PBXNativeTarget "GanhoMusic macOS" */ = {
			isa = XCConfigurationList;
			buildConfigurations = (
				C75D466B2FA627C20016BB86 /* Debug */,
				C75D466C2FA627C20016BB86 /* Release */,
			);
			defaultConfigurationIsVisible = 0;
			defaultConfigurationName = Release;
		};
/* End XCConfigurationList section */
	};
	rootObject = C75D461C2FA627C10016BB86 /* Project object */;
}
